<?xml version="1.0" encoding="UTF-8" standalone="yes" ?>
<CodeBlocks_project_file>
	<FileVersion major="1" minor="6" />
	<Project>
		<Option title="CMP Client" />
		<Option pch_mode="2" />
		<Option compiler="gcc" />
		<Build>
			<Target title="Debug">
				<Option output="bin/Debug/cmp" prefix_auto="1" extension_auto="1" />
				<Option object_output="obj/Debug/" />
				<Option type="0" />
				<Option compiler="gcc" />
				<Compiler>
					<Add option="-g" />
				</Compiler>
				<Linker>
					<Add option="-lmingw32 -lSDLmain -lSDL -lpthread" />
					<Add library="../../../../Program Files (x86)/CodeBlocks/MinGW/lib/SDL_image.lib" />
					<Add library="C:/Program Files (x86)/CodeBlocks/MinGW/lib/libws2_32.a" />
					<Add library="C:/Program Files (x86)/CodeBlocks/MinGW/lib/SDL_ttf.lib" />
				</Linker>
			</Target>
			<Target title="Release">
				<Option output="bin/Release/cmp" prefix_auto="1" extension_auto="1" />
				<Option object_output="obj/Release/" />
				<Option type="0" />
				<Option compiler="gcc" />
				<Compiler>
					<Add option="-O2" />
				</Compiler>
				<Linker>
					<Add option="-s" />
					<Add option="-lmingw32 -lSDLmain -lSDL" />
					<Add library="C:/Program Files (x86)/CodeBlocks/MinGW/lib/libws2_32.a" />
					<Add library="C:/Program Files (x86)/CodeBlocks/MinGW/lib/SDL_image.lib" />
					<Add library="C:/Program Files (x86)/CodeBlocks/MinGW/lib/SDL_ttf.lib" />
				</Linker>
			</Target>
		</Build>
		<Compiler>
			<Add option="-Wall" />
		</Compiler>
		<Linker>
			<Add option="-lmingw32 -lSDLmain -lSDL" />
			<Add option="-I." />
			<Add library="../../../../Program Files (x86)/CodeBlocks/MinGW/lib/libfmodex.a" />
			<Add library="../../../../Program Files (x86)/CodeBlocks/MinGW/lib/SDL_image.lib" />
		</Linker>
		<Unit filename="cmp-client.h" />
		<Unit filename="config.c">
			<Option compilerVar="CC" />
		</Unit>
		<Unit filename="display.c">
			<Option compilerVar="CC" />
		</Unit>
		<Unit filename="game.h" />
		<Unit filename="get_next_line.c">
			<Option compilerVar="CC" />
		</Unit>
		<Unit filename="get_next_line.h" />
		<Unit filename="init.c">
			<Option compilerVar="CC" />
		</Unit>
		<Unit filename="main.c">
			<Option compilerVar="CC" />
		</Unit>
		<Unit filename="my_realloc.c">
			<Option compilerVar="CC" />
		</Unit>
		<Unit filename="props.c">
			<Option compilerVar="CC" />
		</Unit>
		<Unit filename="reseau.c">
			<Option compilerVar="CC" />
		</Unit>
		<Unit filename="tools.c">
			<Option compilerVar="CC" />
		</Unit>
		<Extensions>
			<code_completion />
			<envvars />
			<debugger />
		</Extensions>
	</Project>
</CodeBlocks_project_file>
